
Microsoft Visual Studio Solution File, Format Version 12.00
# Visual Studio Version 17
VisualStudioVersion = 17.13.35825.156
MinimumVisualStudioVersion = 10.0.40219.1
Project("{FAE04EC0-301F-11D3-BF4B-00C04F79EFBC}") = "ChainOfResponsibilityTask", "ChainOfResponsibilityTask\ChainOfResponsibilityTask.csproj", "{70924368-EEDE-497D-8153-60B15FA84071}"
EndProject
Project("{FAE04EC0-301F-11D3-BF4B-00C04F79EFBC}") = "MediatorTask", "MediatorTask\MediatorTask.csproj", "{670DC82C-E6AE-49D8-A15D-C483A7B01674}"
EndProject
Project("{FAE04EC0-301F-11D3-BF4B-00C04F79EFBC}") = "MementoTask", "MementoTask\MementoTask.csproj", "{88A26CB5-1D4D-4E51-AC30-C4275095DF32}"
EndProject
Project("{FAE04EC0-301F-11D3-BF4B-00C04F79EFBC}") = "VisitorTask", "VisitorTask\VisitorTask.csproj", "{219EF7D9-0FF6-4EB9-89CC-CB0036A3B2CF}"
EndProject
Project("{FAE04EC0-301F-11D3-BF4B-00C04F79EFBC}") = "StrategyTask", "StrategyTask\StrategyTask.csproj", "{F7E813B7-57F4-4362-A785-E6935260E2EF}"
EndProject
Project("{2150E333-8FDC-42A3-9474-1A3956D46DE8}") = "Solution Items", "Solution Items", "{02EA681E-C7D8-13C7-8484-4AC65E1B71E8}"
	ProjectSection(SolutionItems) = preProject
		.editorconfig = .editorconfig
	EndProjectSection
EndProject
Global
	GlobalSection(SolutionConfigurationPlatforms) = preSolution
		Debug|Any CPU = Debug|Any CPU
		Release|Any CPU = Release|Any CPU
	EndGlobalSection
	GlobalSection(ProjectConfigurationPlatforms) = postSolution
		{70924368-EEDE-497D-8153-60B15FA84071}.Debug|Any CPU.ActiveCfg = Debug|Any CPU
		{70924368-EEDE-497D-8153-60B15FA84071}.Debug|Any CPU.Build.0 = Debug|Any CPU
		{70924368-EEDE-497D-8153-60B15FA84071}.Release|Any CPU.ActiveCfg = Release|Any CPU
		{70924368-EEDE-497D-8153-60B15FA84071}.Release|Any CPU.Build.0 = Release|Any CPU
		{670DC82C-E6AE-49D8-A15D-C483A7B01674}.Debug|Any CPU.ActiveCfg = Debug|Any CPU
		{670DC82C-E6AE-49D8-A15D-C483A7B01674}.Debug|Any CPU.Build.0 = Debug|Any CPU
		{670DC82C-E6AE-49D8-A15D-C483A7B01674}.Release|Any CPU.ActiveCfg = Release|Any CPU
		{670DC82C-E6AE-49D8-A15D-C483A7B01674}.Release|Any CPU.Build.0 = Release|Any CPU
		{88A26CB5-1D4D-4E51-AC30-C4275095DF32}.Debug|Any CPU.ActiveCfg = Debug|Any CPU
		{88A26CB5-1D4D-4E51-AC30-C4275095DF32}.Debug|Any CPU.Build.0 = Debug|Any CPU
		{88A26CB5-1D4D-4E51-AC30-C4275095DF32}.Release|Any CPU.ActiveCfg = Release|Any CPU
		{88A26CB5-1D4D-4E51-AC30-C4275095DF32}.Release|Any CPU.Build.0 = Release|Any CPU
		{219EF7D9-0FF6-4EB9-89CC-CB0036A3B2CF}.Debug|Any CPU.ActiveCfg = Debug|Any CPU
		{219EF7D9-0FF6-4EB9-89CC-CB0036A3B2CF}.Debug|Any CPU.Build.0 = Debug|Any CPU
		{219EF7D9-0FF6-4EB9-89CC-CB0036A3B2CF}.Release|Any CPU.ActiveCfg = Release|Any CPU
		{219EF7D9-0FF6-4EB9-89CC-CB0036A3B2CF}.Release|Any CPU.Build.0 = Release|Any CPU
		{F7E813B7-57F4-4362-A785-E6935260E2EF}.Debug|Any CPU.ActiveCfg = Debug|Any CPU
		{F7E813B7-57F4-4362-A785-E6935260E2EF}.Debug|Any CPU.Build.0 = Debug|Any CPU
		{F7E813B7-57F4-4362-A785-E6935260E2EF}.Release|Any CPU.ActiveCfg = Release|Any CPU
		{F7E813B7-57F4-4362-A785-E6935260E2EF}.Release|Any CPU.Build.0 = Release|Any CPU
	EndGlobalSection
	GlobalSection(SolutionProperties) = preSolution
		HideSolutionNode = FALSE
	EndGlobalSection
	GlobalSection(ExtensibilityGlobals) = postSolution
		SolutionGuid = {22E39971-C1D8-4449-8EDA-0A8F1F03C830}
	EndGlobalSection
EndGlobal
