
Microsoft Visual Studio Solution File, Format Version 12.00
# Visual Studio Version 17
VisualStudioVersion = 17.13.35825.156
MinimumVisualStudioVersion = 10.0.40219.1
Project("{FAE04EC0-301F-11D3-BF4B-00C04F79EFBC}") = "AdapterTask", "AdapterTask\AdapterTask.csproj", "{7EE49A72-B435-4C4C-A09B-4E54518D01C1}"
EndProject
Project("{FAE04EC0-301F-11D3-BF4B-00C04F79EFBC}") = "BridgeTask", "BridgeTask\BridgeTask.csproj", "{F902CFE8-AA53-48D1-AC15-24543A42EE74}"
EndProject
Project("{FAE04EC0-301F-11D3-BF4B-00C04F79EFBC}") = "DecoratorTask", "DecoratorTask\DecoratorTask.csproj", "{4D9D0E6A-27F4-4D98-93A9-F1E3B796BB9F}"
EndProject
Project("{FAE04EC0-301F-11D3-BF4B-00C04F79EFBC}") = "ProxyTask", "ProxyTask\ProxyTask.csproj", "{C1A338C6-D3DC-4605-9037-74D2C540A285}"
EndProject
Project("{FAE04EC0-301F-11D3-BF4B-00C04F79EFBC}") = "CompositeTask", "CompositeTask\CompositeTask.csproj", "{F20E04DC-46EA-45B7-B86B-BA4ABD4331AE}"
EndProject
Project("{2150E333-8FDC-42A3-9474-1A3956D46DE8}") = "Solution Items", "Solution Items", "{02EA681E-C7D8-13C7-8484-4AC65E1B71E8}"
	ProjectSection(SolutionItems) = preProject
		.editorconfig = .editorconfig
	EndProjectSection
EndProject
Project("{FAE04EC0-301F-11D3-BF4B-00C04F79EFBC}") = "FlyweightTask", "FlyweightTask\FlyweightTask.csproj", "{48F1CBD5-E47F-4AF1-90D7-406578C61968}"
EndProject
Global
	GlobalSection(SolutionConfigurationPlatforms) = preSolution
		Debug|Any CPU = Debug|Any CPU
		Release|Any CPU = Release|Any CPU
	EndGlobalSection
	GlobalSection(ProjectConfigurationPlatforms) = postSolution
		{7EE49A72-B435-4C4C-A09B-4E54518D01C1}.Debug|Any CPU.ActiveCfg = Debug|Any CPU
		{7EE49A72-B435-4C4C-A09B-4E54518D01C1}.Debug|Any CPU.Build.0 = Debug|Any CPU
		{7EE49A72-B435-4C4C-A09B-4E54518D01C1}.Release|Any CPU.ActiveCfg = Release|Any CPU
		{7EE49A72-B435-4C4C-A09B-4E54518D01C1}.Release|Any CPU.Build.0 = Release|Any CPU
		{F902CFE8-AA53-48D1-AC15-24543A42EE74}.Debug|Any CPU.ActiveCfg = Debug|Any CPU
		{F902CFE8-AA53-48D1-AC15-24543A42EE74}.Debug|Any CPU.Build.0 = Debug|Any CPU
		{F902CFE8-AA53-48D1-AC15-24543A42EE74}.Release|Any CPU.ActiveCfg = Release|Any CPU
		{F902CFE8-AA53-48D1-AC15-24543A42EE74}.Release|Any CPU.Build.0 = Release|Any CPU
		{4D9D0E6A-27F4-4D98-93A9-F1E3B796BB9F}.Debug|Any CPU.ActiveCfg = Debug|Any CPU
		{4D9D0E6A-27F4-4D98-93A9-F1E3B796BB9F}.Debug|Any CPU.Build.0 = Debug|Any CPU
		{4D9D0E6A-27F4-4D98-93A9-F1E3B796BB9F}.Release|Any CPU.ActiveCfg = Release|Any CPU
		{4D9D0E6A-27F4-4D98-93A9-F1E3B796BB9F}.Release|Any CPU.Build.0 = Release|Any CPU
		{C1A338C6-D3DC-4605-9037-74D2C540A285}.Debug|Any CPU.ActiveCfg = Debug|Any CPU
		{C1A338C6-D3DC-4605-9037-74D2C540A285}.Debug|Any CPU.Build.0 = Debug|Any CPU
		{C1A338C6-D3DC-4605-9037-74D2C540A285}.Release|Any CPU.ActiveCfg = Release|Any CPU
		{C1A338C6-D3DC-4605-9037-74D2C540A285}.Release|Any CPU.Build.0 = Release|Any CPU
		{F20E04DC-46EA-45B7-B86B-BA4ABD4331AE}.Debug|Any CPU.ActiveCfg = Debug|Any CPU
		{F20E04DC-46EA-45B7-B86B-BA4ABD4331AE}.Debug|Any CPU.Build.0 = Debug|Any CPU
		{F20E04DC-46EA-45B7-B86B-BA4ABD4331AE}.Release|Any CPU.ActiveCfg = Release|Any CPU
		{F20E04DC-46EA-45B7-B86B-BA4ABD4331AE}.Release|Any CPU.Build.0 = Release|Any CPU
		{48F1CBD5-E47F-4AF1-90D7-406578C61968}.Debug|Any CPU.ActiveCfg = Debug|Any CPU
		{48F1CBD5-E47F-4AF1-90D7-406578C61968}.Debug|Any CPU.Build.0 = Debug|Any CPU
		{48F1CBD5-E47F-4AF1-90D7-406578C61968}.Release|Any CPU.ActiveCfg = Release|Any CPU
		{48F1CBD5-E47F-4AF1-90D7-406578C61968}.Release|Any CPU.Build.0 = Release|Any CPU
	EndGlobalSection
	GlobalSection(SolutionProperties) = preSolution
		HideSolutionNode = FALSE
	EndGlobalSection
	GlobalSection(ExtensibilityGlobals) = postSolution
		SolutionGuid = {62805195-D176-41DF-BA85-F5B8C52D5ED3}
	EndGlobalSection
EndGlobal
